
Microsoft Visual Studio Solution File, Format Version 12.00
# Visual Studio Version 16
VisualStudioVersion = 16.0.30104.148
MinimumVisualStudioVersion = 10.0.40219.1
Project("{FAE04EC0-301F-11D3-BF4B-00C04F79EFBC}") = "ZlatarApp", "ZlatarApp\ZlatarApp.csproj", "{280E8D93-20EC-4389-8EDA-7A4C77F0CBC2}"
EndProject
Global
	GlobalSection(SolutionConfigurationPlatforms) = preSolution
		Debug|Any CPU = Debug|Any CPU
		Release|Any CPU = Release|Any CPU
	EndGlobalSection
	GlobalSection(ProjectConfigurationPlatforms) = postSolution
		{280E8D93-20EC-4389-8EDA-7A4C77F0CBC2}.Debug|Any CPU.ActiveCfg = Debug|Any CPU
		{280E8D93-20EC-4389-8EDA-7A4C77F0CBC2}.Debug|Any CPU.Build.0 = Debug|Any CPU
		{280E8D93-20EC-4389-8EDA-7A4C77F0CBC2}.Release|Any CPU.ActiveCfg = Release|Any CPU
		{280E8D93-20EC-4389-8EDA-7A4C77F0CBC2}.Release|Any CPU.Build.0 = Release|Any CPU
	EndGlobalSection
	GlobalSection(SolutionProperties) = preSolution
		HideSolutionNode = FALSE
	EndGlobalSection
	GlobalSection(ExtensibilityGlobals) = postSolution
		SolutionGuid = {86151FDF-D87E-4D28-AECC-02924A5613E9}
	EndGlobalSection
EndGlobal
